
Microsoft Visual Studio Solution File, Format Version 12.00
# Visual Studio Version 17
VisualStudioVersion = 17.0.31903.59
MinimumVisualStudioVersion = 10.0.40219.1
Project("{2150E333-8FDC-42A3-9474-1A3956D46DE8}") = "src", "src", "{827E0CD3-B72D-47B6-A68D-7590B98EB39B}"
EndProject
Project("{FAE04EC0-301F-11D3-BF4B-00C04F79EFBC}") = "Thermometer.Api", "src\Thermometer.Api\Thermometer.Api.csproj", "{AF1C1B9B-BA62-4A5B-B029-10E3843887F0}"
EndProject
Project("{FAE04EC0-301F-11D3-BF4B-00C04F79EFBC}") = "Thermometer.Core", "src\Thermometer.Core\Thermometer.Core.csproj", "{32C6B76A-9C7A-42D0-B24C-AD5B551919F2}"
EndProject
Project("{FAE04EC0-301F-11D3-BF4B-00C04F79EFBC}") = "Thermometer.Services", "src\Thermometer.Services\Thermometer.Services.csproj", "{B418B4B5-18B9-439D-911F-BBAEA0EB433D}"
EndProject
Project("{FAE04EC0-301F-11D3-BF4B-00C04F79EFBC}") = "Thermometer.Ports", "src\Thermometer.Ports\Thermometer.Ports.csproj", "{CAE08318-E6D9-4A6E-B809-852CE142F67A}"
EndProject
Global
	GlobalSection(SolutionConfigurationPlatforms) = preSolution
		Debug|Any CPU = Debug|Any CPU
		Debug|x64 = Debug|x64
		Debug|x86 = Debug|x86
		Release|Any CPU = Release|Any CPU
		Release|x64 = Release|x64
		Release|x86 = Release|x86
	EndGlobalSection
	GlobalSection(ProjectConfigurationPlatforms) = postSolution
		{AF1C1B9B-BA62-4A5B-B029-10E3843887F0}.Debug|Any CPU.ActiveCfg = Debug|Any CPU
		{AF1C1B9B-BA62-4A5B-B029-10E3843887F0}.Debug|Any CPU.Build.0 = Debug|Any CPU
		{AF1C1B9B-BA62-4A5B-B029-10E3843887F0}.Debug|x64.ActiveCfg = Debug|Any CPU
		{AF1C1B9B-BA62-4A5B-B029-10E3843887F0}.Debug|x64.Build.0 = Debug|Any CPU
		{AF1C1B9B-BA62-4A5B-B029-10E3843887F0}.Debug|x86.ActiveCfg = Debug|Any CPU
		{AF1C1B9B-BA62-4A5B-B029-10E3843887F0}.Debug|x86.Build.0 = Debug|Any CPU
		{AF1C1B9B-BA62-4A5B-B029-10E3843887F0}.Release|Any CPU.ActiveCfg = Release|Any CPU
		{AF1C1B9B-BA62-4A5B-B029-10E3843887F0}.Release|Any CPU.Build.0 = Release|Any CPU
		{AF1C1B9B-BA62-4A5B-B029-10E3843887F0}.Release|x64.ActiveCfg = Release|Any CPU
		{AF1C1B9B-BA62-4A5B-B029-10E3843887F0}.Release|x64.Build.0 = Release|Any CPU
		{AF1C1B9B-BA62-4A5B-B029-10E3843887F0}.Release|x86.ActiveCfg = Release|Any CPU
		{AF1C1B9B-BA62-4A5B-B029-10E3843887F0}.Release|x86.Build.0 = Release|Any CPU
		{32C6B76A-9C7A-42D0-B24C-AD5B551919F2}.Debug|Any CPU.ActiveCfg = Debug|Any CPU
		{32C6B76A-9C7A-42D0-B24C-AD5B551919F2}.Debug|Any CPU.Build.0 = Debug|Any CPU
		{32C6B76A-9C7A-42D0-B24C-AD5B551919F2}.Debug|x64.ActiveCfg = Debug|Any CPU
		{32C6B76A-9C7A-42D0-B24C-AD5B551919F2}.Debug|x64.Build.0 = Debug|Any CPU
		{32C6B76A-9C7A-42D0-B24C-AD5B551919F2}.Debug|x86.ActiveCfg = Debug|Any CPU
		{32C6B76A-9C7A-42D0-B24C-AD5B551919F2}.Debug|x86.Build.0 = Debug|Any CPU
		{32C6B76A-9C7A-42D0-B24C-AD5B551919F2}.Release|Any CPU.ActiveCfg = Release|Any CPU
		{32C6B76A-9C7A-42D0-B24C-AD5B551919F2}.Release|Any CPU.Build.0 = Release|Any CPU
		{32C6B76A-9C7A-42D0-B24C-AD5B551919F2}.Release|x64.ActiveCfg = Release|Any CPU
		{32C6B76A-9C7A-42D0-B24C-AD5B551919F2}.Release|x64.Build.0 = Release|Any CPU
		{32C6B76A-9C7A-42D0-B24C-AD5B551919F2}.Release|x86.ActiveCfg = Release|Any CPU
		{32C6B76A-9C7A-42D0-B24C-AD5B551919F2}.Release|x86.Build.0 = Release|Any CPU
		{B418B4B5-18B9-439D-911F-BBAEA0EB433D}.Debug|Any CPU.ActiveCfg = Debug|Any CPU
		{B418B4B5-18B9-439D-911F-BBAEA0EB433D}.Debug|Any CPU.Build.0 = Debug|Any CPU
		{B418B4B5-18B9-439D-911F-BBAEA0EB433D}.Debug|x64.ActiveCfg = Debug|Any CPU
		{B418B4B5-18B9-439D-911F-BBAEA0EB433D}.Debug|x64.Build.0 = Debug|Any CPU
		{B418B4B5-18B9-439D-911F-BBAEA0EB433D}.Debug|x86.ActiveCfg = Debug|Any CPU
		{B418B4B5-18B9-439D-911F-BBAEA0EB433D}.Debug|x86.Build.0 = Debug|Any CPU
		{B418B4B5-18B9-439D-911F-BBAEA0EB433D}.Release|Any CPU.ActiveCfg = Release|Any CPU
		{B418B4B5-18B9-439D-911F-BBAEA0EB433D}.Release|Any CPU.Build.0 = Release|Any CPU
		{B418B4B5-18B9-439D-911F-BBAEA0EB433D}.Release|x64.ActiveCfg = Release|Any CPU
		{B418B4B5-18B9-439D-911F-BBAEA0EB433D}.Release|x64.Build.0 = Release|Any CPU
		{B418B4B5-18B9-439D-911F-BBAEA0EB433D}.Release|x86.ActiveCfg = Release|Any CPU
		{B418B4B5-18B9-439D-911F-BBAEA0EB433D}.Release|x86.Build.0 = Release|Any CPU
		{CAE08318-E6D9-4A6E-B809-852CE142F67A}.Debug|Any CPU.ActiveCfg = Debug|Any CPU
		{CAE08318-E6D9-4A6E-B809-852CE142F67A}.Debug|Any CPU.Build.0 = Debug|Any CPU
		{CAE08318-E6D9-4A6E-B809-852CE142F67A}.Debug|x64.ActiveCfg = Debug|Any CPU
		{CAE08318-E6D9-4A6E-B809-852CE142F67A}.Debug|x64.Build.0 = Debug|Any CPU
		{CAE08318-E6D9-4A6E-B809-852CE142F67A}.Debug|x86.ActiveCfg = Debug|Any CPU
		{CAE08318-E6D9-4A6E-B809-852CE142F67A}.Debug|x86.Build.0 = Debug|Any CPU
		{CAE08318-E6D9-4A6E-B809-852CE142F67A}.Release|Any CPU.ActiveCfg = Release|Any CPU
		{CAE08318-E6D9-4A6E-B809-852CE142F67A}.Release|Any CPU.Build.0 = Release|Any CPU
		{CAE08318-E6D9-4A6E-B809-852CE142F67A}.Release|x64.ActiveCfg = Release|Any CPU
		{CAE08318-E6D9-4A6E-B809-852CE142F67A}.Release|x64.Build.0 = Release|Any CPU
		{CAE08318-E6D9-4A6E-B809-852CE142F67A}.Release|x86.ActiveCfg = Release|Any CPU
		{CAE08318-E6D9-4A6E-B809-852CE142F67A}.Release|x86.Build.0 = Release|Any CPU
	EndGlobalSection
	GlobalSection(SolutionProperties) = preSolution
		HideSolutionNode = FALSE
	EndGlobalSection
	GlobalSection(NestedProjects) = preSolution
		{AF1C1B9B-BA62-4A5B-B029-10E3843887F0} = {827E0CD3-B72D-47B6-A68D-7590B98EB39B}
		{32C6B76A-9C7A-42D0-B24C-AD5B551919F2} = {827E0CD3-B72D-47B6-A68D-7590B98EB39B}
		{B418B4B5-18B9-439D-911F-BBAEA0EB433D} = {827E0CD3-B72D-47B6-A68D-7590B98EB39B}
		{CAE08318-E6D9-4A6E-B809-852CE142F67A} = {827E0CD3-B72D-47B6-A68D-7590B98EB39B}
	EndGlobalSection
EndGlobal
